// !$*UTF8*$!
{
	archiveVersion = 1;
	classes = {
	};
	objectVersion = 46;
	objects = {

/* Begin PBXBuildFile section */
		17A470F01C55BF490042A0EC /* AppDelegate.swift in Sources */ = {isa = PBXBuildFile; fileRef = 17A470EF1C55BF490042A0EC /* AppDelegate.swift */; };
		17A470F21C55BF490042A0EC /* ViewController.swift in Sources */ = {isa = PBXBuildFile; fileRef = 17A470F11C55BF490042A0EC /* ViewController.swift */; };
		17A470F51C55BF490042A0EC /* Main.storyboard in Resources */ = {isa = PBXBuildFile; fileRef = 17A470F31C55BF490042A0EC /* Main.storyboard */; };
		17A470F71C55BF490042A0EC /* Assets.xcassets in Resources */ = {isa = PBXBuildFile; fileRef = 17A470F61C55BF490042A0EC /* Assets.xcassets */; };
		17A470FA1C55BF490042A0EC /* LaunchScreen.storyboard in Resources */ = {isa = PBXBuildFile; fileRef = 17A470F81C55BF490042A0EC /* LaunchScreen.storyboard */; };
/* End PBXBuildFile section */

/* Begin PBXFileReference section */
		17A470EC1C55BF490042A0EC /* MovieView.app */ = {isa = PBXFileReference; explicitFileType = wrapper.application; includeInIndex = 0; path = MovieView.app; sourceTree = BUILT_PRODUCTS_DIR; };
		17A470EF1C55BF490042A0EC /* AppDelegate.swift */ = {isa = PBXFileReference; lastKnownFileType = sourcecode.swift; path = AppDelegate.swift; sourceTree = "<group>"; };
		17A470F11C55BF490042A0EC /* ViewController.swift */ = {isa = PBXFileReference; lastKnownFileType = sourcecode.swift; path = ViewController.swift; sourceTree = "<group>"; };
		17A470F41C55BF490042A0EC /* Base */ = {isa = PBXFileReference; lastKnownFileType = file.storyboard; name = Base; path = Base.lproj/Main.storyboard; sourceTree = "<group>"; };
		17A470F61C55BF490042A0EC /* Assets.xcassets */ = {isa = PBXFileReference; lastKnownFileType = folder.assetcatalog; path = Assets.xcassets; sourceTree = "<group>"; };
		17A470F91C55BF490042A0EC /* Base */ = {isa = PBXFileReference; lastKnownFileType = file.storyboard; name = Base; path = Base.lproj/LaunchScreen.storyboard; sourceTree = "<group>"; };
		17A470FB1C55BF490042A0EC /* Info.plist */ = {isa = PBXFileReference; lastKnownFileType = text.plist.xml; path = Info.plist; sourceTree = "<group>"; };
/* End PBXFileReference section */

/* Begin PBXFrameworksBuildPhase section */
		17A470E91C55BF490042A0EC /* Frameworks */ = {
			isa = PBXFrameworksBuildPhase;
			buildActionMask = 2147483647;
			files = (
			);
			runOnlyForDeploymentPostprocessing = 0;
		};
/* End PBXFrameworksBuildPhase section */

/* Begin PBXGroup section */
		17A470E31C55BF490042A0EC = {
			isa = PBXGroup;
			children = (
				17A470EE1C55BF490042A0EC /* MovieView */,
				17A470ED1C55BF490042A0EC /* Products */,
			);
			sourceTree = "<group>";
		};
		17A470ED1C55BF490042A0EC /* Products */ = {
			isa = PBXGroup;
			children = (
				17A470EC1C55BF490042A0EC /* MovieView.app */,
			);
			name = Products;
			sourceTree = "<group>";
		};
		17A470EE1C55BF490042A0EC /* MovieView */ = {
			isa = PBXGroup;
			children = (
				17A470EF1C55BF490042A0EC /* AppDelegate.swift */,
				17A470F11C55BF490042A0EC /* ViewController.swift */,
				17A470F31C55BF490042A0EC /* Main.storyboard */,
				17A470F61C55BF490042A0EC /* Assets.xcassets */,
				17A470F81C55BF490042A0EC /* LaunchScreen.storyboard */,
				17A470FB1C55BF490042A0EC /* Info.plist */,
			);
			path = MovieView;
			sourceTree = "<group>";
		};
/* End PBXGroup section */

/* Begin PBXNativeTarget section */
		17A470EB1C55BF490042A0EC /* MovieView */ = {
			isa = PBXNativeTarget;
			buildConfigurationList = 17A470FE1C55BF490042A0EC /* Build configuration list for PBXNativeTarget "MovieView" */;
			buildPhases = (
				17A470E81C55BF490042A0EC /* Sources */,
				17A470E91C55BF490042A0EC /* Frameworks */,
				17A470EA1C55BF490042A0EC /* Resources */,
			);
			buildRules = (
			);
			dependencies = (
			);
			name = MovieView;
			productName = MovieView;
			productReference = 17A470EC1C55BF490042A0EC /* MovieView.app */;
			productType = "com.apple.product-type.application";
		};
/* End PBXNativeTarget section */

/* Begin PBXProject section */
		17A470E41C55BF490042A0EC /* Project object */ = {
			isa = PBXProject;
			attributes = {
				LastSwiftUpdateCheck = 0720;
				LastUpgradeCheck = 0720;
				ORGANIZATIONNAME = "Neal Patel";
				TargetAttributes = {
					17A470EB1C55BF490042A0EC = {
						CreatedOnToolsVersion = 7.2;
						DevelopmentTeam = 656N9RD9VG;
					};
				};
			};
			buildConfigurationList = 17A470E71C55BF490042A0EC /* Build configuration list for PBXProject "MovieView" */;
			compatibilityVersion = "Xcode 3.2";
			developmentRegion = English;
			hasScannedForEncodings = 0;
			knownRegions = (
				en,
				Base,
			);
			mainGroup = 17A470E31C55BF490042A0EC;
			productRefGroup = 17A470ED1C55BF490042A0EC /* Products */;
			projectDirPath = "";
			projectRoot = "";
			targets = (
				17A470EB1C55BF490042A0EC /* MovieView */,
			);
		};
/* End PBXProject section */

/* Begin PBXResourcesBuildPhase section */
		17A470EA1C55BF490042A0EC /* Resources */ = {
			isa = PBXResourcesBuildPhase;
			buildActionMask = 2147483647;
			files = (
				17A470FA1C55BF490042A0EC /* LaunchScreen.storyboard in Resources */,
				17A470F71C55BF490042A0EC /* Assets.xcassets in Resources */,
				17A470F51C55BF490042A0EC /* Main.storyboard in Resources */,
			);
			runOnlyForDeploymentPostprocessing = 0;
		};
/* End PBXResourcesBuildPhase section */

/* Begin PBXSourcesBuildPhase section */
		17A470E81C55BF490042A0EC /* Sources */ = {
			isa = PBXSourcesBuildPhase;
			buildActionMask = 2147483647;
			files = (
				17A470F21C55BF490042A0EC /* ViewController.swift in Sources */,
				17A470F01C55BF490042A0EC /* AppDelegate.swift in Sources */,
			);
			runOnlyForDeploymentPostprocessing = 0;
		};
/* End PBXSourcesBuildPhase section */

/* Begin PBXVariantGroup section */
		17A470F31C55BF490042A0EC /* Main.storyboard */ = {
			isa = PBXVariantGroup;
			children = (
				17A470F41C55BF490042A0EC /* Base */,
			);
			name = Main.storyboard;
			sourceTree = "<group>";
		};
		17A470F81C55BF490042A0EC /* LaunchScreen.storyboard */ = {
			isa = PBXVariantGroup;
			children = (
				17A470F91C55BF490042A0EC /* Base */,
			);
			name = LaunchScreen.storyboard;
			sourceTree = "<group>";
		};
/* End PBXVariantGroup section */

/* Begin XCBuildConfiguration section */
		17A470FC1C55BF490042A0EC /* Debug */ = {
			isa = XCBuildConfiguration;
			buildSettings = {
				ALWAYS_SEARCH_USER_PATHS = NO;
				CLANG_CXX_LANGUAGE_STANDARD = "gnu++0x";
				CLANG_CXX_LIBRARY = "libc++";
				CLANG_ENABLE_MODULES = YES;
				CLANG_ENABLE_OBJC_ARC = YES;
				CLANG_WARN_BOOL_CONVERSION = YES;
				CLANG_WARN_CONSTANT_CONVERSION = YES;
				CLANG_WARN_DIRECT_OBJC_ISA_USAGE = YES_ERROR;
				CLANG_WARN_EMPTY_BODY = YES;
				CLANG_WARN_ENUM_CONVERSION = YES;
				CLANG_WARN_INT_CONVERSION = YES;
				CLANG_WARN_OBJC_ROOT_CLASS = YES_ERROR;
				CLANG_WARN_UNREACHABLE_CODE = YES;
				CLANG_WARN__DUPLICATE_METHOD_MATCH = YES;
				"CODE_SIGN_IDENTITY[sdk=iphoneos*]" = "iPhone Developer";
				COPY_PHASE_STRIP = NO;
				DEBUG_INFORMATION_FORMAT = dwarf;
				ENABLE_STRICT_OBJC_MSGSEND = YES;
				ENABLE_TESTABILITY = YES;
				GCC_C_LANGUAGE_STANDARD = gnu99;
				GCC_DYNAMIC_NO_PIC = NO;
				GCC_NO_COMMON_BLOCKS = YES;
				GCC_OPTIMIZATION_LEVEL = 0;
				GCC_PREPROCESSOR_DEFINITIONS = (
					"DEBUG=1",
					"$(inherited)",
				);
				GCC_WARN_64_TO_32_BIT_CONVERSION = YES;
				GCC_WARN_ABOUT_RETURN_TYPE = YES_ERROR;
				GCC_WARN_UNDECLARED_SELECTOR = YES;
				GCC_WARN_UNINITIALIZED_AUTOS = YES_AGGRESSIVE;
				GCC_WARN_UNUSED_FUNCTION = YES;
				GCC_WARN_UNUSED_VARIABLE = YES;
				IPHONEOS_DEPLOYMENT_TARGET = 9.2;
				MTL_ENABLE_DEBUG_INFO = YES;
				ONLY_ACTIVE_ARCH = YES;
				SDKROOT = iphoneos;
				SWIFT_OPTIMIZATION_LEVEL = "-Onone";
			};
			name = Debug;
		};
		17A470FD1C55BF490042A0EC /* Release */ = {
			isa = XCBuildConfiguration;
			buildSettings = {
				ALWAYS_SEARCH_USER_PATHS = NO;
				CLANG_CXX_LANGUAGE_STANDARD = "gnu++0x";
				CLANG_CXX_LIBRARY = "libc++";
				CLANG_ENABLE_MODULES = YES;
				CLANG_ENABLE_OBJC_ARC = YES;
				CLANG_WARN_BOOL_CONVERSION = YES;
				CLANG_WARN_CONSTANT_CONVERSION = YES;
				CLANG_WARN_DIRECT_OBJC_ISA_USAGE = YES_ERROR;
				CLANG_WARN_EMPTY_BODY = YES;
				CLANG_WARN_ENUM_CONVERSION = YES;
				CLANG_WARN_INT_CONVERSION = YES;
				CLANG_WARN_OBJC_ROOT_CLASS = YES_ERROR;
				CLANG_WARN_UNREACHABLE_CODE = YES;
				CLANG_WARN__DUPLICATE_METHOD_MATCH = YES;
				"CODE_SIGN_IDENTITY[sdk=iphoneos*]" = "iPhone Developer";
				COPY_PHASE_STRIP = NO;
				DEBUG_INFORMATION_FORMAT = "dwarf-with-dsym";
				ENABLE_NS_ASSERTIONS = NO;
				ENABLE_STRICT_OBJC_MSGSEND = YES;
				GCC_C_LANGUAGE_STANDARD = gnu99;
				GCC_NO_COMMON_BLOCKS = YES;
				GCC_WARN_64_TO_32_BIT_CONVERSION = YES;
				GCC_WARN_ABOUT_RETURN_TYPE = YES_ERROR;
				GCC_WARN_UNDECLARED_SELECTOR = YES;
				GCC_WARN_UNINITIALIZED_AUTOS = YES_AGGRESSIVE;
				GCC_WARN_UNUSED_FUNCTION = YES;
				GCC_WARN_UNUSED_VARIABLE = YES;
				IPHONEOS_DEPLOYMENT_TARGET = 9.2;
				MTL_ENABLE_DEBUG_INFO = NO;
				SDKROOT = iphoneos;
				VALIDATE_PRODUCT = YES;
			};
			name = Release;
		};
		17A470FF1C55BF490042A0EC /* Debug */ = {
			isa = XCBuildConfiguration;
			buildSettings = {
				ASSETCATALOG_COMPILER_APPICON_NAME = AppIcon;
				INFOPLIST_FILE = MovieView/Info.plist;
				LD_RUNPATH_SEARCH_PATHS = "$(inherited) @executable_path/Frameworks";
				PRODUCT_BUNDLE_IDENTIFIER = projects.neal.MovieView;
				PRODUCT_NAME = "$(TARGET_NAME)";
			};
			name = Debug;
		};
		17A471001C55BF490042A0EC /* Release */ = {
			isa = XCBuildConfiguration;
			buildSettings = {
				ASSETCATALOG_COMPILER_APPICON_NAME = AppIcon;
				INFOPLIST_FILE = MovieView/Info.plist;
				LD_RUNPATH_SEARCH_PATHS = "$(inherited) @executable_path/Frameworks";
				PRODUCT_BUNDLE_IDENTIFIER = projects.neal.MovieView;
				PRODUCT_NAME = "$(TARGET_NAME)";
			};
			name = Release;
		};
/* End XCBuildConfiguration section */

/* Begin XCConfigurationList section */
		17A470E71C55BF490042A0EC /* Build configuration list for PBXProject "MovieView" */ = {
			isa = XCConfigurationList;
			buildConfigurations = (
				17A470FC1C55BF490042A0EC /* Debug */,
				17A470FD1C55BF490042A0EC /* Release */,
			);
			defaultConfigurationIsVisible = 0;
			defaultConfigurationName = Release;
		};
		17A470FE1C55BF490042A0EC /* Build configuration list for PBXNativeTarget "MovieView" */ = {
			isa = XCConfigurationList;
			buildConfigurations = (
				17A470FF1C55BF490042A0EC /* Debug */,
				17A471001C55BF490042A0EC /* Release */,
			);
			defaultConfigurationIsVisible = 0;
		};
/* End XCConfigurationList section */
	};
	rootObject = 17A470E41C55BF490042A0EC /* Project object */;
}
